// !$*UTF8*$!
{
	archiveVersion = 1;
	classes = {
	};
	objectVersion = 50;
	objects = {

/* Begin PBXBuildFile section */
		EA9A675C23D5983500451A74 /* AppDelegate.swift in Sources */ = {isa = PBXBuildFile; fileRef = EA9A675B23D5983500451A74 /* AppDelegate.swift */; };
		EA9A675E23D5983500451A74 /* ContentView.swift in Sources */ = {isa = PBXBuildFile; fileRef = EA9A675D23D5983500451A74 /* ContentView.swift */; };
		EA9A676123D5983500451A74 /* Drink.xcdatamodeld in Sources */ = {isa = PBXBuildFile; fileRef = EA9A675F23D5983500451A74 /* Drink.xcdatamodeld */; };
		EA9A676323D5983800451A74 /* Assets.xcassets in Resources */ = {isa = PBXBuildFile; fileRef = EA9A676223D5983800451A74 /* Assets.xcassets */; };
		EA9A676623D5983800451A74 /* Preview Assets.xcassets in Resources */ = {isa = PBXBuildFile; fileRef = EA9A676523D5983800451A74 /* Preview Assets.xcassets */; };
		EA9A676923D5983800451A74 /* Main.storyboard in Resources */ = {isa = PBXBuildFile; fileRef = EA9A676723D5983800451A74 /* Main.storyboard */; };
		EA9A677623D5994E00451A74 /* Timer.swift in Sources */ = {isa = PBXBuildFile; fileRef = EA9A677523D5994E00451A74 /* Timer.swift */; };
		EAD6E2D623DAA2E000F1E864 /* StatusMenu.xib in Resources */ = {isa = PBXBuildFile; fileRef = EAD6E2D523DAA2E000F1E864 /* StatusMenu.xib */; };
/* End PBXBuildFile section */

/* Begin PBXFileReference section */
		EA9A675823D5983500451A74 /* Drink.app */ = {isa = PBXFileReference; explicitFileType = wrapper.application; includeInIndex = 0; path = Drink.app; sourceTree = BUILT_PRODUCTS_DIR; };
		EA9A675B23D5983500451A74 /* AppDelegate.swift */ = {isa = PBXFileReference; lastKnownFileType = sourcecode.swift; path = AppDelegate.swift; sourceTree = "<group>"; };
		EA9A675D23D5983500451A74 /* ContentView.swift */ = {isa = PBXFileReference; lastKnownFileType = sourcecode.swift; path = ContentView.swift; sourceTree = "<group>"; };
		EA9A676023D5983500451A74 /* Drink.xcdatamodel */ = {isa = PBXFileReference; lastKnownFileType = wrapper.xcdatamodel; path = Drink.xcdatamodel; sourceTree = "<group>"; };
		EA9A676223D5983800451A74 /* Assets.xcassets */ = {isa = PBXFileReference; lastKnownFileType = folder.assetcatalog; path = Assets.xcassets; sourceTree = "<group>"; };
		EA9A676523D5983800451A74 /* Preview Assets.xcassets */ = {isa = PBXFileReference; lastKnownFileType = folder.assetcatalog; path = "Preview Assets.xcassets"; sourceTree = "<group>"; };
		EA9A676823D5983800451A74 /* Base */ = {isa = PBXFileReference; lastKnownFileType = file.storyboard; name = Base; path = Base.lproj/Main.storyboard; sourceTree = "<group>"; };
		EA9A676A23D5983800451A74 /* Info.plist */ = {isa = PBXFileReference; lastKnownFileType = text.plist.xml; path = Info.plist; sourceTree = "<group>"; };
		EA9A676B23D5983800451A74 /* Drink.entitlements */ = {isa = PBXFileReference; lastKnownFileType = text.plist.entitlements; path = Drink.entitlements; sourceTree = "<group>"; };
		EA9A677523D5994E00451A74 /* Timer.swift */ = {isa = PBXFileReference; fileEncoding = 4; lastKnownFileType = sourcecode.swift; path = Timer.swift; sourceTree = "<group>"; };
		EAD6E2D523DAA2E000F1E864 /* StatusMenu.xib */ = {isa = PBXFileReference; lastKnownFileType = file.xib; path = StatusMenu.xib; sourceTree = "<group>"; };
/* End PBXFileReference section */

/* Begin PBXFrameworksBuildPhase section */
		EA9A675523D5983500451A74 /* Frameworks */ = {
			isa = PBXFrameworksBuildPhase;
			buildActionMask = 2147483647;
			files = (
			);
			runOnlyForDeploymentPostprocessing = 0;
		};
/* End PBXFrameworksBuildPhase section */

/* Begin PBXGroup section */
		EA9A674F23D5983500451A74 = {
			isa = PBXGroup;
			children = (
				EA9A675A23D5983500451A74 /* Drink */,
				EA9A675923D5983500451A74 /* Products */,
			);
			sourceTree = "<group>";
		};
		EA9A675923D5983500451A74 /* Products */ = {
			isa = PBXGroup;
			children = (
				EA9A675823D5983500451A74 /* Drink.app */,
			);
			name = Products;
			sourceTree = "<group>";
		};
		EA9A675A23D5983500451A74 /* Drink */ = {
			isa = PBXGroup;
			children = (
				EA9A677523D5994E00451A74 /* Timer.swift */,
				EA9A675B23D5983500451A74 /* AppDelegate.swift */,
				EA9A675D23D5983500451A74 /* ContentView.swift */,
				EA9A676223D5983800451A74 /* Assets.xcassets */,
				EA9A676723D5983800451A74 /* Main.storyboard */,
				EA9A676A23D5983800451A74 /* Info.plist */,
				EA9A676B23D5983800451A74 /* Drink.entitlements */,
				EA9A675F23D5983500451A74 /* Drink.xcdatamodeld */,
				EA9A676423D5983800451A74 /* Preview Content */,
				EAD6E2D523DAA2E000F1E864 /* StatusMenu.xib */,
			);
			path = Drink;
			sourceTree = "<group>";
		};
		EA9A676423D5983800451A74 /* Preview Content */ = {
			isa = PBXGroup;
			children = (
				EA9A676523D5983800451A74 /* Preview Assets.xcassets */,
			);
			path = "Preview Content";
			sourceTree = "<group>";
		};
/* End PBXGroup section */

/* Begin PBXNativeTarget section */
		EA9A675723D5983500451A74 /* Drink */ = {
			isa = PBXNativeTarget;
			buildConfigurationList = EA9A676E23D5983800451A74 /* Build configuration list for PBXNativeTarget "Drink" */;
			buildPhases = (
				EA9A675423D5983500451A74 /* Sources */,
				EA9A675523D5983500451A74 /* Frameworks */,
				EA9A675623D5983500451A74 /* Resources */,
			);
			buildRules = (
			);
			dependencies = (
			);
			name = Drink;
			productName = Drink;
			productReference = EA9A675823D5983500451A74 /* Drink.app */;
			productType = "com.apple.product-type.application";
		};
/* End PBXNativeTarget section */

/* Begin PBXProject section */
		EA9A675023D5983500451A74 /* Project object */ = {
			isa = PBXProject;
			attributes = {
				LastSwiftUpdateCheck = 1130;
				LastUpgradeCheck = 1130;
				ORGANIZATIONNAME = Tony;
				TargetAttributes = {
					EA9A675723D5983500451A74 = {
						CreatedOnToolsVersion = 11.3.1;
					};
				};
			};
			buildConfigurationList = EA9A675323D5983500451A74 /* Build configuration list for PBXProject "Drink" */;
			compatibilityVersion = "Xcode 9.3";
			developmentRegion = en;
			hasScannedForEncodings = 0;
			knownRegions = (
				en,
				Base,
			);
			mainGroup = EA9A674F23D5983500451A74;
			productRefGroup = EA9A675923D5983500451A74 /* Products */;
			projectDirPath = "";
			projectRoot = "";
			targets = (
				EA9A675723D5983500451A74 /* Drink */,
			);
		};
/* End PBXProject section */

/* Begin PBXResourcesBuildPhase section */
		EA9A675623D5983500451A74 /* Resources */ = {
			isa = PBXResourcesBuildPhase;
			buildActionMask = 2147483647;
			files = (
				EAD6E2D623DAA2E000F1E864 /* StatusMenu.xib in Resources */,
				EA9A676923D5983800451A74 /* Main.storyboard in Resources */,
				EA9A676623D5983800451A74 /* Preview Assets.xcassets in Resources */,
				EA9A676323D5983800451A74 /* Assets.xcassets in Resources */,
			);
			runOnlyForDeploymentPostprocessing = 0;
		};
/* End PBXResourcesBuildPhase section */

/* Begin PBXSourcesBuildPhase section */
		EA9A675423D5983500451A74 /* Sources */ = {
			isa = PBXSourcesBuildPhase;
			buildActionMask = 2147483647;
			files = (
				EA9A675E23D5983500451A74 /* ContentView.swift in Sources */,
				EA9A675C23D5983500451A74 /* AppDelegate.swift in Sources */,
				EA9A676123D5983500451A74 /* Drink.xcdatamodeld in Sources */,
				EA9A677623D5994E00451A74 /* Timer.swift in Sources */,
			);
			runOnlyForDeploymentPostprocessing = 0;
		};
/* End PBXSourcesBuildPhase section */

/* Begin PBXVariantGroup section */
		EA9A676723D5983800451A74 /* Main.storyboard */ = {
			isa = PBXVariantGroup;
			children = (
				EA9A676823D5983800451A74 /* Base */,
			);
			name = Main.storyboard;
			sourceTree = "<group>";
		};
/* End PBXVariantGroup section */

/* Begin XCBuildConfiguration section */
		EA9A676C23D5983800451A74 /* Debug */ = {
			isa = XCBuildConfiguration;
			buildSettings = {
				ALWAYS_SEARCH_USER_PATHS = NO;
				CLANG_ANALYZER_NONNULL = YES;
				CLANG_ANALYZER_NUMBER_OBJECT_CONVERSION = YES_AGGRESSIVE;
				CLANG_CXX_LANGUAGE_STANDARD = "gnu++14";
				CLANG_CXX_LIBRARY = "libc++";
				CLANG_ENABLE_MODULES = YES;
				CLANG_ENABLE_OBJC_ARC = YES;
				CLANG_ENABLE_OBJC_WEAK = YES;
				CLANG_WARN_BLOCK_CAPTURE_AUTORELEASING = YES;
				CLANG_WARN_BOOL_CONVERSION = YES;
				CLANG_WARN_COMMA = YES;
				CLANG_WARN_CONSTANT_CONVERSION = YES;
				CLANG_WARN_DEPRECATED_OBJC_IMPLEMENTATIONS = YES;
				CLANG_WARN_DIRECT_OBJC_ISA_USAGE = YES_ERROR;
				CLANG_WARN_DOCUMENTATION_COMMENTS = YES;
				CLANG_WARN_EMPTY_BODY = YES;
				CLANG_WARN_ENUM_CONVERSION = YES;
				CLANG_WARN_INFINITE_RECURSION = YES;
				CLANG_WARN_INT_CONVERSION = YES;
				CLANG_WARN_NON_LITERAL_NULL_CONVERSION = YES;
				CLANG_WARN_OBJC_IMPLICIT_RETAIN_SELF = YES;
				CLANG_WARN_OBJC_LITERAL_CONVERSION = YES;
				CLANG_WARN_OBJC_ROOT_CLASS = YES_ERROR;
				CLANG_WARN_RANGE_LOOP_ANALYSIS = YES;
				CLANG_WARN_STRICT_PROTOTYPES = YES;
				CLANG_WARN_SUSPICIOUS_MOVE = YES;
				CLANG_WARN_UNGUARDED_AVAILABILITY = YES_AGGRESSIVE;
				CLANG_WARN_UNREACHABLE_CODE = YES;
				CLANG_WARN__DUPLICATE_METHOD_MATCH = YES;
				COPY_PHASE_STRIP = NO;
				DEBUG_INFORMATION_FORMAT = dwarf;
				ENABLE_STRICT_OBJC_MSGSEND = YES;
				ENABLE_TESTABILITY = YES;
				GCC_C_LANGUAGE_STANDARD = gnu11;
				GCC_DYNAMIC_NO_PIC = NO;
				GCC_NO_COMMON_BLOCKS = YES;
				GCC_OPTIMIZATION_LEVEL = 0;
				GCC_PREPROCESSOR_DEFINITIONS = (
					"DEBUG=1",
					"$(inherited)",
				);
				GCC_WARN_64_TO_32_BIT_CONVERSION = YES;
				GCC_WARN_ABOUT_RETURN_TYPE = YES_ERROR;
				GCC_WARN_UNDECLARED_SELECTOR = YES;
				GCC_WARN_UNINITIALIZED_AUTOS = YES_AGGRESSIVE;
				GCC_WARN_UNUSED_FUNCTION = YES;
				GCC_WARN_UNUSED_VARIABLE = YES;
				MACOSX_DEPLOYMENT_TARGET = 10.15;
				MTL_ENABLE_DEBUG_INFO = INCLUDE_SOURCE;
				MTL_FAST_MATH = YES;
				ONLY_ACTIVE_ARCH = YES;
				SDKROOT = macosx;
				SWIFT_ACTIVE_COMPILATION_CONDITIONS = DEBUG;
				SWIFT_OPTIMIZATION_LEVEL = "-Onone";
			};
			name = Debug;
		};
		EA9A676D23D5983800451A74 /* Release */ = {
			isa = XCBuildConfiguration;
			buildSettings = {
				ALWAYS_SEARCH_USER_PATHS = NO;
				CLANG_ANALYZER_NONNULL = YES;
				CLANG_ANALYZER_NUMBER_OBJECT_CONVERSION = YES_AGGRESSIVE;
				CLANG_CXX_LANGUAGE_STANDARD = "gnu++14";
				CLANG_CXX_LIBRARY = "libc++";
				CLANG_ENABLE_MODULES = YES;
				CLANG_ENABLE_OBJC_ARC = YES;
				CLANG_ENABLE_OBJC_WEAK = YES;
				CLANG_WARN_BLOCK_CAPTURE_AUTORELEASING = YES;
				CLANG_WARN_BOOL_CONVERSION = YES;
				CLANG_WARN_COMMA = YES;
				CLANG_WARN_CONSTANT_CONVERSION = YES;
				CLANG_WARN_DEPRECATED_OBJC_IMPLEMENTATIONS = YES;
				CLANG_WARN_DIRECT_OBJC_ISA_USAGE = YES_ERROR;
				CLANG_WARN_DOCUMENTATION_COMMENTS = YES;
				CLANG_WARN_EMPTY_BODY = YES;
				CLANG_WARN_ENUM_CONVERSION = YES;
				CLANG_WARN_INFINITE_RECURSION = YES;
				CLANG_WARN_INT_CONVERSION = YES;
				CLANG_WARN_NON_LITERAL_NULL_CONVERSION = YES;
				CLANG_WARN_OBJC_IMPLICIT_RETAIN_SELF = YES;
				CLANG_WARN_OBJC_LITERAL_CONVERSION = YES;
				CLANG_WARN_OBJC_ROOT_CLASS = YES_ERROR;
				CLANG_WARN_RANGE_LOOP_ANALYSIS = YES;
				CLANG_WARN_STRICT_PROTOTYPES = YES;
				CLANG_WARN_SUSPICIOUS_MOVE = YES;
				CLANG_WARN_UNGUARDED_AVAILABILITY = YES_AGGRESSIVE;
				CLANG_WARN_UNREACHABLE_CODE = YES;
				CLANG_WARN__DUPLICATE_METHOD_MATCH = YES;
				COPY_PHASE_STRIP = NO;
				DEBUG_INFORMATION_FORMAT = "dwarf-with-dsym";
				ENABLE_NS_ASSERTIONS = NO;
				ENABLE_STRICT_OBJC_MSGSEND = YES;
				GCC_C_LANGUAGE_STANDARD = gnu11;
				GCC_NO_COMMON_BLOCKS = YES;
				GCC_WARN_64_TO_32_BIT_CONVERSION = YES;
				GCC_WARN_ABOUT_RETURN_TYPE = YES_ERROR;
				GCC_WARN_UNDECLARED_SELECTOR = YES;
				GCC_WARN_UNINITIALIZED_AUTOS = YES_AGGRESSIVE;
				GCC_WARN_UNUSED_FUNCTION = YES;
				GCC_WARN_UNUSED_VARIABLE = YES;
				MACOSX_DEPLOYMENT_TARGET = 10.15;
				MTL_ENABLE_DEBUG_INFO = NO;
				MTL_FAST_MATH = YES;
				SDKROOT = macosx;
				SWIFT_COMPILATION_MODE = wholemodule;
				SWIFT_OPTIMIZATION_LEVEL = "-O";
			};
			name = Release;
		};
		EA9A676F23D5983800451A74 /* Debug */ = {
			isa = XCBuildConfiguration;
			buildSettings = {
				ASSETCATALOG_COMPILER_APPICON_NAME = AppIcon;
				CODE_SIGN_ENTITLEMENTS = Drink/Drink.entitlements;
				CODE_SIGN_STYLE = Automatic;
				COMBINE_HIDPI_IMAGES = YES;
				DEVELOPMENT_ASSET_PATHS = "\"Drink/Preview Content\"";
				ENABLE_PREVIEWS = YES;
				INFOPLIST_FILE = Drink/Info.plist;
				LD_RUNPATH_SEARCH_PATHS = (
					"$(inherited)",
					"@executable_path/../Frameworks",
				);
				MACOSX_DEPLOYMENT_TARGET = 10.15;
				PRODUCT_BUNDLE_IDENTIFIER = tony.Drink;
				PRODUCT_NAME = "$(TARGET_NAME)";
				SWIFT_VERSION = 5.0;
			};
			name = Debug;
		};
		EA9A677023D5983800451A74 /* Release */ = {
			isa = XCBuildConfiguration;
			buildSettings = {
				ASSETCATALOG_COMPILER_APPICON_NAME = AppIcon;
				CODE_SIGN_ENTITLEMENTS = Drink/Drink.entitlements;
				CODE_SIGN_STYLE = Automatic;
				COMBINE_HIDPI_IMAGES = YES;
				DEVELOPMENT_ASSET_PATHS = "\"Drink/Preview Content\"";
				ENABLE_PREVIEWS = YES;
				INFOPLIST_FILE = Drink/Info.plist;
				LD_RUNPATH_SEARCH_PATHS = (
					"$(inherited)",
					"@executable_path/../Frameworks",
				);
				MACOSX_DEPLOYMENT_TARGET = 10.15;
				PRODUCT_BUNDLE_IDENTIFIER = tony.Drink;
				PRODUCT_NAME = "$(TARGET_NAME)";
				SWIFT_VERSION = 5.0;
			};
			name = Release;
		};
/* End XCBuildConfiguration section */

/* Begin XCConfigurationList section */
		EA9A675323D5983500451A74 /* Build configuration list for PBXProject "Drink" */ = {
			isa = XCConfigurationList;
			buildConfigurations = (
				EA9A676C23D5983800451A74 /* Debug */,
				EA9A676D23D5983800451A74 /* Release */,
			);
			defaultConfigurationIsVisible = 0;
			defaultConfigurationName = Release;
		};
		EA9A676E23D5983800451A74 /* Build configuration list for PBXNativeTarget "Drink" */ = {
			isa = XCConfigurationList;
			buildConfigurations = (
				EA9A676F23D5983800451A74 /* Debug */,
				EA9A677023D5983800451A74 /* Release */,
			);
			defaultConfigurationIsVisible = 0;
			defaultConfigurationName = Release;
		};
/* End XCConfigurationList section */

/* Begin XCVersionGroup section */
		EA9A675F23D5983500451A74 /* Drink.xcdatamodeld */ = {
			isa = XCVersionGroup;
			children = (
				EA9A676023D5983500451A74 /* Drink.xcdatamodel */,
			);
			currentVersion = EA9A676023D5983500451A74 /* Drink.xcdatamodel */;
			path = Drink.xcdatamodeld;
			sourceTree = "<group>";
			versionGroupType = wrapper.xcdatamodel;
		};
/* End XCVersionGroup section */
	};
	rootObject = EA9A675023D5983500451A74 /* Project object */;
}
